<?xml version="1.0" encoding="utf-8"?>
<Project ToolsVersion="4.0" xmlns="http://schemas.microsoft.com/developer/msbuild/2003">
  <ItemGroup>
    <Filter Include="Source Files">
      <UniqueIdentifier>{4FC737F1-C7A5-4376-A066-2A32D752A2FF}</UniqueIdentifier>
      <Extensions>cpp;c;cc;cxx;def;odl;idl;hpj;bat;asm;asmx</Extensions>
    </Filter>
    <Filter Include="Header Files">
      <UniqueIdentifier>{93995380-89BD-4b04-88EB-625FBE52EBFB}</UniqueIdentifier>
      <Extensions>h;hpp;hxx;hm;inl;inc;xsd</Extensions>
    </Filter>
    <Filter Include="Resource Files">
      <UniqueIdentifier>{67DA6AB6-F800-4c08-8B7A-83BB121AAD01}</UniqueIdentifier>
      <Extensions>rc;ico;cur;bmp;dlg;rc2;rct;bin;rgs;gif;jpg;jpeg;jpe;resx;tiff;tif;png;wav</Extensions>
    </Filter>
  </ItemGroup>
  <ItemGroup>
    <ClCompile Include="AlertLogDlg.cpp">
      <Filter>Source Files</Filter>
    </ClCompile>
    <ClCompile Include="BurnerControlConfigDlg.cpp">
      <Filter>Source Files</Filter>
    </ClCompile>
    <ClCompile Include="CHConfigDlg.cpp">
      <Filter>Source Files</Filter>
    </ClCompile>
    <ClCompile Include="crc16.cpp">
      <Filter>Source Files</Filter>
    </ClCompile>
    <ClCompile Include="DHWConfigDlg.cpp">
      <Filter>Source Files</Filter>
    </ClCompile>
    <ClCompile Include="DigitalIODlg.cpp">
      <Filter>Source Files</Filter>
    </ClCompile>
    <ClCompile Include="InitSolaDatabase.cpp">
      <Filter>Source Files</Filter>
    </ClCompile>
    <ClCompile Include="LimitsConfigDlg.cpp">
      <Filter>Source Files</Filter>
    </ClCompile>
    <ClCompile Include="LLConfigDlg.cpp">
      <Filter>Source Files</Filter>
    </ClCompile>
    <ClCompile Include="LLStatusDlg.cpp">
      <Filter>Source Files</Filter>
    </ClCompile>
    <ClCompile Include="LoadParms.cpp">
      <Filter>Source Files</Filter>
    </ClCompile>
    <ClCompile Include="LockoutLogDlg.cpp">
      <Filter>Source Files</Filter>
    </ClCompile>
    <ClCompile Include="LockoutRecordDisplay.cpp">
      <Filter>Source Files</Filter>
    </ClCompile>
    <ClCompile Include="MBServerIPDlg.cpp">
      <Filter>Source Files</Filter>
    </ClCompile>
    <ClCompile Include="ModConfigDlg.cpp">
      <Filter>Source Files</Filter>
    </ClCompile>
    <ClCompile Include="NoticeDialog.cpp">
      <Filter>Source Files</Filter>
    </ClCompile>
    <ClCompile Include="ODResetCfgDlg.cpp">
      <Filter>Source Files</Filter>
    </ClCompile>
    <ClCompile Include="ODResetLineDlg.cpp">
      <Filter>Source Files</Filter>
    </ClCompile>
    <ClCompile Include="PollingDlg.cpp">
      <Filter>Source Files</Filter>
    </ClCompile>
    <ClCompile Include="PumpConfigDlg.cpp">
      <Filter>Source Files</Filter>
    </ClCompile>
    <ClCompile Include="SaveRestore.cpp">
      <Filter>Source Files</Filter>
    </ClCompile>
    <ClCompile Include="ShowWarning.cpp">
      <Filter>Source Files</Filter>
    </ClCompile>
    <ClCompile Include="SolaAlert.cpp">
      <Filter>Source Files</Filter>
    </ClCompile>
    <ClCompile Include="SolaChangeCode.cpp">
      <Filter>Source Files</Filter>
    </ClCompile>
    <ClCompile Include="SolaComm.cpp">
      <Filter>Source Files</Filter>
    </ClCompile>
    <ClCompile Include="SolaID.cpp">
      <Filter>Source Files</Filter>
    </ClCompile>
    <ClCompile Include="SolaLockout.cpp">
      <Filter>Source Files</Filter>
    </ClCompile>
    <ClCompile Include="SolaLockoutDesc.cpp">
      <Filter>Source Files</Filter>
    </ClCompile>
    <ClCompile Include="SolaMBMap.cpp">
      <Filter>Source Files</Filter>
    </ClCompile>
    <ClCompile Include="SolaMBMaps.cpp">
      <Filter>Source Files</Filter>
    </ClCompile>
    <ClCompile Include="SolaMultiValue.cpp">
      <Filter>Source Files</Filter>
    </ClCompile>
    <ClCompile Include="SolaPage.cpp">
      <Filter>Source Files</Filter>
    </ClCompile>
    <ClCompile Include="SolaPollThread.cpp">
      <Filter>Source Files</Filter>
    </ClCompile>
    <ClCompile Include="SolaRTUComm.cpp">
      <Filter>Source Files</Filter>
    </ClCompile>
    <ClCompile Include="SolaSummaryDlg.cpp">
      <Filter>Source Files</Filter>
    </ClCompile>
    <ClCompile Include="SolaTCPComm.cpp">
      <Filter>Source Files</Filter>
    </ClCompile>
    <ClCompile Include="SolaWriteReadFn.cpp">
      <Filter>Source Files</Filter>
    </ClCompile>
    <ClCompile Include="stdafx.cpp">
      <Filter>Source Files</Filter>
    </ClCompile>
    <ClCompile Include="SystemIDDlg.cpp">
      <Filter>Source Files</Filter>
    </ClCompile>
    <ClCompile Include="TimerThread.cpp">
      <Filter>Source Files</Filter>
    </ClCompile>
    <ClCompile Include="UIDialogs.cpp">
      <Filter>Source Files</Filter>
    </ClCompile>
    <ClCompile Include="Sola_RTU_Serial_Gateway.cpp">
      <Filter>Source Files</Filter>
    </ClCompile>
  </ItemGroup>
  <ItemGroup>
    <ClInclude Include="LockoutRecordDisplay.h">
      <Filter>Header Files</Filter>
    </ClInclude>
    <ClInclude Include="NoticeDialog.h">
      <Filter>Header Files</Filter>
    </ClInclude>
    <ClInclude Include="PollingDlg.h">
      <Filter>Header Files</Filter>
    </ClInclude>
    <ClInclude Include="Resource.h">
      <Filter>Header Files</Filter>
    </ClInclude>
    <ClInclude Include="SolaAlert.h">
      <Filter>Header Files</Filter>
    </ClInclude>
    <ClInclude Include="SolaChangeCode.h">
      <Filter>Header Files</Filter>
    </ClInclude>
    <ClInclude Include="SolaComm.h">
      <Filter>Header Files</Filter>
    </ClInclude>
    <ClInclude Include="SolaID.h">
      <Filter>Header Files</Filter>
    </ClInclude>
    <ClInclude Include="SolaLockout.h">
      <Filter>Header Files</Filter>
    </ClInclude>
    <ClInclude Include="SolaLockoutDesc.h">
      <Filter>Header Files</Filter>
    </ClInclude>
    <ClInclude Include="SolaMBMap.h">
      <Filter>Header Files</Filter>
    </ClInclude>
    <ClInclude Include="SolaMBMaps.h">
      <Filter>Header Files</Filter>
    </ClInclude>
    <ClInclude Include="SolaMultiValue.h">
      <Filter>Header Files</Filter>
    </ClInclude>
    <ClInclude Include="SolaPage.h">
      <Filter>Header Files</Filter>
    </ClInclude>
    <ClInclude Include="SolaTCPComm.h">
      <Filter>Header Files</Filter>
    </ClInclude>
    <ClInclude Include="stdafx.h">
      <Filter>Header Files</Filter>
    </ClInclude>
  </ItemGroup>
  <ItemGroup>
    <ResourceCompile Include="AlertLogDlg.rc">
      <Filter>Resource Files</Filter>
    </ResourceCompile>
    <ResourceCompile Include="BurnerControlConfig.rc">
      <Filter>Resource Files</Filter>
    </ResourceCompile>
    <ResourceCompile Include="CHConfigDlg.rc">
      <Filter>Resource Files</Filter>
    </ResourceCompile>
    <ResourceCompile Include="DHWConfigDlg.rc">
      <Filter>Resource Files</Filter>
    </ResourceCompile>
    <ResourceCompile Include="DigitalIODlg.rc">
      <Filter>Resource Files</Filter>
    </ResourceCompile>
    <ResourceCompile Include="LimitsConfigDlg.rc">
      <Filter>Resource Files</Filter>
    </ResourceCompile>
    <ResourceCompile Include="LLConfigDlg.rc">
      <Filter>Resource Files</Filter>
    </ResourceCompile>
    <ResourceCompile Include="LLStatusDlg.rc">
      <Filter>Resource Files</Filter>
    </ResourceCompile>
    <ResourceCompile Include="LoadParms.rc">
      <Filter>Resource Files</Filter>
    </ResourceCompile>
    <ResourceCompile Include="LockoutLogDlg.rc">
      <Filter>Resource Files</Filter>
    </ResourceCompile>
    <ResourceCompile Include="LockoutRecordDisplayDlg.rc">
      <Filter>Resource Files</Filter>
    </ResourceCompile>
    <ResourceCompile Include="MBServerIPDlg.rc">
      <Filter>Resource Files</Filter>
    </ResourceCompile>
    <ResourceCompile Include="ModConfigDlg.rc">
      <Filter>Resource Files</Filter>
    </ResourceCompile>
    <ResourceCompile Include="ODResetCfgDlg.rc">
      <Filter>Resource Files</Filter>
    </ResourceCompile>
    <ResourceCompile Include="ODResetLineDlg.rc">
      <Filter>Resource Files</Filter>
    </ResourceCompile>
    <ResourceCompile Include="PollingDlg.rc">
      <Filter>Resource Files</Filter>
    </ResourceCompile>
    <ResourceCompile Include="PumpConfigDlg.rc">
      <Filter>Resource Files</Filter>
    </ResourceCompile>
    <ResourceCompile Include="SaveRestore.rc">
      <Filter>Resource Files</Filter>
    </ResourceCompile>
    <ResourceCompile Include="SolaComm.rc">
      <Filter>Resource Files</Filter>
    </ResourceCompile>
    <ResourceCompile Include="stringtable.rc">
      <Filter>Resource Files</Filter>
    </ResourceCompile>
    <ResourceCompile Include="SystemIDDlg.rc">
      <Filter>Resource Files</Filter>
    </ResourceCompile>
  </ItemGroup>
  <ItemGroup>
    <None Include="NTI_Logo.ico">
      <Filter>Resource Files</Filter>
    </None>
    <None Include="small.ico">
      <Filter>Resource Files</Filter>
    </None>
    <None Include="SolaComm.ico">
      <Filter>Resource Files</Filter>
    </None>
    <None Include="ReadMe.txt" />
  </ItemGroup>
</Project>